Microsoft Visual Studio Solution File, Format Version 12.00
# Visual Studio Version 16
VisualStudioVersion = 16.0.30320.27
MinimumVisualStudioVersion = 10.0.40219.1
Project("{FAE04EC0-301F-11D3-BF4B-00C04F79EFBC}") = "Lands.Android", "Lands.Android\Lands.Android.csproj", "{74A62282-5C4A-4D0D-8783-97E28B7AD41F}"
EndProject
Project("{FAE04EC0-301F-11D3-BF4B-00C04F79EFBC}") = "Lands.iOS", "Lands.iOS\Lands.iOS.csproj", "{28EFB821-B442-486D-B4C8-1107398BC96F}"
EndProject
Project("{9A19103F-16F7-4668-BE54-9A1E7A4F7556}") = "Lands", "Lands\Lands.csproj", "{008BED29-5869-4B67-AE11-F05AB05D111E}"
EndProject
Project("{FAE04EC0-301F-11D3-BF4B-00C04F79EFBC}") = "Lands.Domain", "Lands.Domain\Lands.Domain.csproj", "{8992E9F1-E188-4AF0-B46C-05A157771A90}"
EndProject
Project("{2150E333-8FDC-42A3-9474-1A3956D46DE8}") = "FE", "FE", "{538FC1C9-ECA9-4AE6-822A-F2B53E22B38C}"
EndProject
Global
	GlobalSection(SolutionConfigurationPlatforms) = preSolution
		Debug|Any CPU = Debug|Any CPU
		Debug|iPhone = Debug|iPhone
		Debug|iPhoneSimulator = Debug|iPhoneSimulator
		Release|Any CPU = Release|Any CPU
		Release|iPhone = Release|iPhone
		Release|iPhoneSimulator = Release|iPhoneSimulator
	EndGlobalSection
	GlobalSection(ProjectConfigurationPlatforms) = postSolution
		{74A62282-5C4A-4D0D-8783-97E28B7AD41F}.Debug|Any CPU.ActiveCfg = Debug|Any CPU
		{74A62282-5C4A-4D0D-8783-97E28B7AD41F}.Debug|Any CPU.Build.0 = Debug|Any CPU
		{74A62282-5C4A-4D0D-8783-97E28B7AD41F}.Debug|Any CPU.Deploy.0 = Debug|Any CPU
		{74A62282-5C4A-4D0D-8783-97E28B7AD41F}.Debug|iPhone.ActiveCfg = Debug|Any CPU
		{74A62282-5C4A-4D0D-8783-97E28B7AD41F}.Debug|iPhone.Build.0 = Debug|Any CPU
		{74A62282-5C4A-4D0D-8783-97E28B7AD41F}.Debug|iPhoneSimulator.ActiveCfg = Debug|Any CPU
		{74A62282-5C4A-4D0D-8783-97E28B7AD41F}.Debug|iPhoneSimulator.Build.0 = Debug|Any CPU
		{74A62282-5C4A-4D0D-8783-97E28B7AD41F}.Release|Any CPU.ActiveCfg = Release|Any CPU
		{74A62282-5C4A-4D0D-8783-97E28B7AD41F}.Release|Any CPU.Build.0 = Release|Any CPU
		{74A62282-5C4A-4D0D-8783-97E28B7AD41F}.Release|iPhone.ActiveCfg = Release|Any CPU
		{74A62282-5C4A-4D0D-8783-97E28B7AD41F}.Release|iPhone.Build.0 = Release|Any CPU
		{74A62282-5C4A-4D0D-8783-97E28B7AD41F}.Release|iPhoneSimulator.ActiveCfg = Release|Any CPU
		{74A62282-5C4A-4D0D-8783-97E28B7AD41F}.Release|iPhoneSimulator.Build.0 = Release|Any CPU
		{28EFB821-B442-486D-B4C8-1107398BC96F}.Debug|Any CPU.ActiveCfg = Debug|iPhoneSimulator
		{28EFB821-B442-486D-B4C8-1107398BC96F}.Debug|Any CPU.Build.0 = Debug|iPhoneSimulator
		{28EFB821-B442-486D-B4C8-1107398BC96F}.Debug|iPhone.ActiveCfg = Debug|iPhone
		{28EFB821-B442-486D-B4C8-1107398BC96F}.Debug|iPhone.Build.0 = Debug|iPhone
		{28EFB821-B442-486D-B4C8-1107398BC96F}.Debug|iPhoneSimulator.ActiveCfg = Debug|iPhoneSimulator
		{28EFB821-B442-486D-B4C8-1107398BC96F}.Debug|iPhoneSimulator.Build.0 = Debug|iPhoneSimulator
		{28EFB821-B442-486D-B4C8-1107398BC96F}.Release|Any CPU.ActiveCfg = Release|iPhoneSimulator
		{28EFB821-B442-486D-B4C8-1107398BC96F}.Release|Any CPU.Build.0 = Release|iPhoneSimulator
		{28EFB821-B442-486D-B4C8-1107398BC96F}.Release|iPhone.ActiveCfg = Release|iPhone
		{28EFB821-B442-486D-B4C8-1107398BC96F}.Release|iPhone.Build.0 = Release|iPhone
		{28EFB821-B442-486D-B4C8-1107398BC96F}.Release|iPhoneSimulator.ActiveCfg = Release|iPhoneSimulator
		{28EFB821-B442-486D-B4C8-1107398BC96F}.Release|iPhoneSimulator.Build.0 = Release|iPhoneSimulator
		{008BED29-5869-4B67-AE11-F05AB05D111E}.Debug|Any CPU.ActiveCfg = Debug|Any CPU
		{008BED29-5869-4B67-AE11-F05AB05D111E}.Debug|Any CPU.Build.0 = Debug|Any CPU
		{008BED29-5869-4B67-AE11-F05AB05D111E}.Debug|iPhone.ActiveCfg = Debug|Any CPU
		{008BED29-5869-4B67-AE11-F05AB05D111E}.Debug|iPhone.Build.0 = Debug|Any CPU
		{008BED29-5869-4B67-AE11-F05AB05D111E}.Debug|iPhoneSimulator.ActiveCfg = Debug|Any CPU
		{008BED29-5869-4B67-AE11-F05AB05D111E}.Debug|iPhoneSimulator.Build.0 = Debug|Any CPU
		{008BED29-5869-4B67-AE11-F05AB05D111E}.Release|Any CPU.ActiveCfg = Release|Any CPU
		{008BED29-5869-4B67-AE11-F05AB05D111E}.Release|Any CPU.Build.0 = Release|Any CPU
		{008BED29-5869-4B67-AE11-F05AB05D111E}.Release|iPhone.ActiveCfg = Release|Any CPU
		{008BED29-5869-4B67-AE11-F05AB05D111E}.Release|iPhone.Build.0 = Release|Any CPU
		{008BED29-5869-4B67-AE11-F05AB05D111E}.Release|iPhoneSimulator.ActiveCfg = Release|Any CPU
		{008BED29-5869-4B67-AE11-F05AB05D111E}.Release|iPhoneSimulator.Build.0 = Release|Any CPU
		{8992E9F1-E188-4AF0-B46C-05A157771A90}.Debug|Any CPU.ActiveCfg = Debug|Any CPU
		{8992E9F1-E188-4AF0-B46C-05A157771A90}.Debug|Any CPU.Build.0 = Debug|Any CPU
		{8992E9F1-E188-4AF0-B46C-05A157771A90}.Debug|iPhone.ActiveCfg = Debug|Any CPU
		{8992E9F1-E188-4AF0-B46C-05A157771A90}.Debug|iPhone.Build.0 = Debug|Any CPU
		{8992E9F1-E188-4AF0-B46C-05A157771A90}.Debug|iPhoneSimulator.ActiveCfg = Debug|Any CPU
		{8992E9F1-E188-4AF0-B46C-05A157771A90}.Debug|iPhoneSimulator.Build.0 = Debug|Any CPU
		{8992E9F1-E188-4AF0-B46C-05A157771A90}.Release|Any CPU.ActiveCfg = Release|Any CPU
		{8992E9F1-E188-4AF0-B46C-05A157771A90}.Release|Any CPU.Build.0 = Release|Any CPU
		{8992E9F1-E188-4AF0-B46C-05A157771A90}.Release|iPhone.ActiveCfg = Release|Any CPU
		{8992E9F1-E188-4AF0-B46C-05A157771A90}.Release|iPhone.Build.0 = Release|Any CPU
		{8992E9F1-E188-4AF0-B46C-05A157771A90}.Release|iPhoneSimulator.ActiveCfg = Release|Any CPU
		{8992E9F1-E188-4AF0-B46C-05A157771A90}.Release|iPhoneSimulator.Build.0 = Release|Any CPU
	EndGlobalSection
	GlobalSection(SolutionProperties) = preSolution
		HideSolutionNode = FALSE
	EndGlobalSection
	GlobalSection(ExtensibilityGlobals) = postSolution
		SolutionGuid = {11AFFF68-81A2-4C9A-8A9D-22C7DB1334B0}
	EndGlobalSection
	GlobalSection(NestedProjects) = preSolution
		{008BED29-5869-4B67-AE11-F05AB05D111E} = {538FC1C9-ECA9-4AE6-822A-F2B53E22B38C}
		{74A62282-5C4A-4D0D-8783-97E28B7AD41F} = {538FC1C9-ECA9-4AE6-822A-F2B53E22B38C}
		{28EFB821-B442-486D-B4C8-1107398BC96F} = {538FC1C9-ECA9-4AE6-822A-F2B53E22B38C}
	EndGlobalSection
EndGlobal
